
Microsoft Visual Studio Solution File, Format Version 12.00
# Visual Studio Version 16
VisualStudioVersion = 16.0.30204.135
MinimumVisualStudioVersion = 10.0.40219.1
Project("{9A19103F-16F7-4668-BE54-9A1E7A4F7556}") = "StandardUI", "src\StandardUI\StandardUI.csproj", "{752F4208-8318-4C57-9868-9921FF743AA9}"
EndProject
Project("{9A19103F-16F7-4668-BE54-9A1E7A4F7556}") = "StandardUI.CodeGenerator", "src\StandardUI.CodeGenerator\StandardUI.CodeGenerator.csproj", "{740943F5-2E99-4ED4-9022-BC14F480C3F8}"
EndProject
Project("{9A19103F-16F7-4668-BE54-9A1E7A4F7556}") = "StandardUI.Wpf", "src\StandardUI.WPF\StandardUI.Wpf.csproj", "{4C2D11BC-2E5C-4761-BBD1-0038BC8D6613}"
EndProject
Project("{2150E333-8FDC-42A3-9474-1A3956D46DE8}") = "samples", "samples", "{9B71283D-A4A6-480E-9A9B-AD446F08CCC5}"
EndProject
Project("{9A19103F-16F7-4668-BE54-9A1E7A4F7556}") = "Microcharts", "samples\Microcharts\Microcharts.csproj", "{EE5B826C-4409-4566-ABA1-9081ED5FF3E4}"
EndProject
Project("{9A19103F-16F7-4668-BE54-9A1E7A4F7556}") = "WpfSamplesHost", "samples\WpfSamplesHost\WpfSamplesHost.csproj", "{6947DA6C-110C-4175-A38A-030F33CA3420}"
EndProject
Project("{9A19103F-16F7-4668-BE54-9A1E7A4F7556}") = "StandardUI.VisualEnvironment.Skia", "src\StandardUI.VisualEnvironment.Skia\StandardUI.VisualEnvironment.Skia.csproj", "{7B85BF7F-1265-4A34-9865-A371FB3D71F8}"
EndProject
Project("{9A19103F-16F7-4668-BE54-9A1E7A4F7556}") = "SimpleControls", "samples\SimpleControls\SimpleControls.csproj", "{2A1EDFC0-2865-4DC8-A232-6D2CCB7FA7E2}"
EndProject
Project("{9A19103F-16F7-4668-BE54-9A1E7A4F7556}") = "StandardUI.VisualEnvironment.WpfNative", "src\StandardUI.VisualEnvironment.WpfNative\StandardUI.VisualEnvironment.WpfNative.csproj", "{EFFB0DA0-82FB-4075-B5E1-4E9A73C2491D}"
EndProject
Project("{FAE04EC0-301F-11D3-BF4B-00C04F79EFBC}") = "SourceGenerator", "SourceGenerator\SourceGenerator.csproj", "{26E564DA-4315-44EF-B287-A9B3BC87BF1C}"
EndProject
Global
	GlobalSection(SolutionConfigurationPlatforms) = preSolution
		Debug|Any CPU = Debug|Any CPU
		Release|Any CPU = Release|Any CPU
	EndGlobalSection
	GlobalSection(ProjectConfigurationPlatforms) = postSolution
		{752F4208-8318-4C57-9868-9921FF743AA9}.Debug|Any CPU.ActiveCfg = Debug|Any CPU
		{752F4208-8318-4C57-9868-9921FF743AA9}.Debug|Any CPU.Build.0 = Debug|Any CPU
		{752F4208-8318-4C57-9868-9921FF743AA9}.Release|Any CPU.ActiveCfg = Release|Any CPU
		{752F4208-8318-4C57-9868-9921FF743AA9}.Release|Any CPU.Build.0 = Release|Any CPU
		{740943F5-2E99-4ED4-9022-BC14F480C3F8}.Debug|Any CPU.ActiveCfg = Debug|Any CPU
		{740943F5-2E99-4ED4-9022-BC14F480C3F8}.Debug|Any CPU.Build.0 = Debug|Any CPU
		{740943F5-2E99-4ED4-9022-BC14F480C3F8}.Release|Any CPU.ActiveCfg = Release|Any CPU
		{740943F5-2E99-4ED4-9022-BC14F480C3F8}.Release|Any CPU.Build.0 = Release|Any CPU
		{4C2D11BC-2E5C-4761-BBD1-0038BC8D6613}.Debug|Any CPU.ActiveCfg = Debug|Any CPU
		{4C2D11BC-2E5C-4761-BBD1-0038BC8D6613}.Debug|Any CPU.Build.0 = Debug|Any CPU
		{4C2D11BC-2E5C-4761-BBD1-0038BC8D6613}.Release|Any CPU.ActiveCfg = Release|Any CPU
		{4C2D11BC-2E5C-4761-BBD1-0038BC8D6613}.Release|Any CPU.Build.0 = Release|Any CPU
		{EE5B826C-4409-4566-ABA1-9081ED5FF3E4}.Debug|Any CPU.ActiveCfg = Debug|Any CPU
		{EE5B826C-4409-4566-ABA1-9081ED5FF3E4}.Debug|Any CPU.Build.0 = Debug|Any CPU
		{EE5B826C-4409-4566-ABA1-9081ED5FF3E4}.Release|Any CPU.ActiveCfg = Release|Any CPU
		{EE5B826C-4409-4566-ABA1-9081ED5FF3E4}.Release|Any CPU.Build.0 = Release|Any CPU
		{6947DA6C-110C-4175-A38A-030F33CA3420}.Debug|Any CPU.ActiveCfg = Debug|Any CPU
		{6947DA6C-110C-4175-A38A-030F33CA3420}.Debug|Any CPU.Build.0 = Debug|Any CPU
		{6947DA6C-110C-4175-A38A-030F33CA3420}.Release|Any CPU.ActiveCfg = Release|Any CPU
		{6947DA6C-110C-4175-A38A-030F33CA3420}.Release|Any CPU.Build.0 = Release|Any CPU
		{7B85BF7F-1265-4A34-9865-A371FB3D71F8}.Debug|Any CPU.ActiveCfg = Debug|Any CPU
		{7B85BF7F-1265-4A34-9865-A371FB3D71F8}.Debug|Any CPU.Build.0 = Debug|Any CPU
		{7B85BF7F-1265-4A34-9865-A371FB3D71F8}.Release|Any CPU.ActiveCfg = Release|Any CPU
		{7B85BF7F-1265-4A34-9865-A371FB3D71F8}.Release|Any CPU.Build.0 = Release|Any CPU
		{2A1EDFC0-2865-4DC8-A232-6D2CCB7FA7E2}.Debug|Any CPU.ActiveCfg = Debug|Any CPU
		{2A1EDFC0-2865-4DC8-A232-6D2CCB7FA7E2}.Debug|Any CPU.Build.0 = Debug|Any CPU
		{2A1EDFC0-2865-4DC8-A232-6D2CCB7FA7E2}.Release|Any CPU.ActiveCfg = Release|Any CPU
		{2A1EDFC0-2865-4DC8-A232-6D2CCB7FA7E2}.Release|Any CPU.Build.0 = Release|Any CPU
		{EFFB0DA0-82FB-4075-B5E1-4E9A73C2491D}.Debug|Any CPU.ActiveCfg = Debug|Any CPU
		{EFFB0DA0-82FB-4075-B5E1-4E9A73C2491D}.Debug|Any CPU.Build.0 = Debug|Any CPU
		{EFFB0DA0-82FB-4075-B5E1-4E9A73C2491D}.Release|Any CPU.ActiveCfg = Release|Any CPU
		{EFFB0DA0-82FB-4075-B5E1-4E9A73C2491D}.Release|Any CPU.Build.0 = Release|Any CPU
		{26E564DA-4315-44EF-B287-A9B3BC87BF1C}.Debug|Any CPU.ActiveCfg = Debug|Any CPU
		{26E564DA-4315-44EF-B287-A9B3BC87BF1C}.Debug|Any CPU.Build.0 = Debug|Any CPU
		{26E564DA-4315-44EF-B287-A9B3BC87BF1C}.Release|Any CPU.ActiveCfg = Release|Any CPU
		{26E564DA-4315-44EF-B287-A9B3BC87BF1C}.Release|Any CPU.Build.0 = Release|Any CPU
	EndGlobalSection
	GlobalSection(SolutionProperties) = preSolution
		HideSolutionNode = FALSE
	EndGlobalSection
	GlobalSection(NestedProjects) = preSolution
		{EE5B826C-4409-4566-ABA1-9081ED5FF3E4} = {9B71283D-A4A6-480E-9A9B-AD446F08CCC5}
		{6947DA6C-110C-4175-A38A-030F33CA3420} = {9B71283D-A4A6-480E-9A9B-AD446F08CCC5}
		{2A1EDFC0-2865-4DC8-A232-6D2CCB7FA7E2} = {9B71283D-A4A6-480E-9A9B-AD446F08CCC5}
	EndGlobalSection
	GlobalSection(ExtensibilityGlobals) = postSolution
		SolutionGuid = {5981247F-FDA6-460F-8B83-6AFBEE114226}
	EndGlobalSection
EndGlobal
